{
  "originHash" : "3aa91a6196582129f519109e13899feda4b7e59d66ed0f57427d97309c405ed3",
  "pins" : [
    {
      "identity" : "fixedmenu",
      "kind" : "remoteSourceControl",
      "location" : "https://github.com/mezhevikin/FixedMenu.git",
      "state" : {
        "revision" : "7e0f4d9b99c1d7045ccfa3c51fe308a3d9acef20",
        "version" : "0.1.0"
      }
    },
    {
      "identity" : "resolver",
      "kind" : "remoteSourceControl",
      "location" : "https://github.com/hmlongco/Resolver",
      "state" : {
        "revision" : "47602af1ac8d7952299fbd0bda3cfbd12cf3a8ca",
        "version" : "1.5.1"
      }
    }
  ],
  "version" : 3
}
